// !$*UTF8*$!
{
	archiveVersion = 1;
	classes = {
	};
	objectVersion = 71;
	objects = {

/* Begin PBXBuildFile section */
		100000000000000000000001 /* PocketPassIOSApp.swift in Sources */ = {isa = PBXBuildFile; fileRef = 200000000000000000000001 /* PocketPassIOSApp.swift */; };
		100000000000000000000002 /* IOSTheme.swift in Sources */ = {isa = PBXBuildFile; fileRef = 200000000000000000000002 /* IOSTheme.swift */; };
		100000000000000000000003 /* IOSModels.swift in Sources */ = {isa = PBXBuildFile; fileRef = 200000000000000000000003 /* IOSModels.swift */; };
		100000000000000000000004 /* IOSRootView.swift in Sources */ = {isa = PBXBuildFile; fileRef = 200000000000000000000004 /* IOSRootView.swift */; };
		100000000000000000000005 /* IOSAccountViews.swift in Sources */ = {isa = PBXBuildFile; fileRef = 200000000000000000000005 /* IOSAccountViews.swift */; };
		100000000000000000000006 /* Assets.xcassets in Resources */ = {isa = PBXBuildFile; fileRef = 200000000000000000000006 /* Assets.xcassets */; };
		100000000000000000000007 /* PocketLogoMark.png in Resources */ = {isa = PBXBuildFile; fileRef = 200000000000000000000007 /* PocketLogoMark.png */; };
		100000000000000000000008 /* VaultModels.swift in Sources */ = {isa = PBXBuildFile; fileRef = 200000000000000000000010 /* VaultModels.swift */; };
		100000000000000000000009 /* LocalVaultRepository.swift in Sources */ = {isa = PBXBuildFile; fileRef = 200000000000000000000011 /* LocalVaultRepository.swift */; };
		10000000000000000000000A /* PasswordGenerator.swift in Sources */ = {isa = PBXBuildFile; fileRef = 200000000000000000000012 /* PasswordGenerator.swift */; };
		10000000000000000000000B /* RemoteIconService.swift in Sources */ = {isa = PBXBuildFile; fileRef = 200000000000000000000013 /* RemoteIconService.swift */; };
		10000000000000000000000C /* VaultStore.swift in Sources */ = {isa = PBXBuildFile; fileRef = 200000000000000000000014 /* VaultStore.swift */; };
		10000000000000000000000D /* IOSAppLockService.swift in Sources */ = {isa = PBXBuildFile; fileRef = 200000000000000000000015 /* IOSAppLockService.swift */; };
		10000000000000000000000E /* DataTransfer.swift in Sources */ = {isa = PBXBuildFile; fileRef = 200000000000000000000016 /* DataTransfer.swift */; };
		10000000000000000000000F /* IOSManagementViews.swift in Sources */ = {isa = PBXBuildFile; fileRef = 200000000000000000000017 /* IOSManagementViews.swift */; };
		100000000000000000000010 /* IOSIconPickerView.swift in Sources */ = {isa = PBXBuildFile; fileRef = 200000000000000000000018 /* IOSIconPickerView.swift */; };
		100000000000000000000011 /* Localizable.xcstrings in Resources */ = {isa = PBXBuildFile; fileRef = 200000000000000000000019 /* Localizable.xcstrings */; };
		100000000000000000000012 /* BackupImportUITests.swift in Sources */ = {isa = PBXBuildFile; fileRef = 20000000000000000000001A /* BackupImportUITests.swift */; };
/* End PBXBuildFile section */

/* Begin PBXFileReference section */
		200000000000000000000001 /* PocketPassIOSApp.swift */ = {isa = PBXFileReference; lastKnownFileType = sourcecode.swift; path = PocketPassIOSApp.swift; sourceTree = "<group>"; };
		200000000000000000000002 /* IOSTheme.swift */ = {isa = PBXFileReference; lastKnownFileType = sourcecode.swift; path = IOSTheme.swift; sourceTree = "<group>"; };
		200000000000000000000003 /* IOSModels.swift */ = {isa = PBXFileReference; lastKnownFileType = sourcecode.swift; path = IOSModels.swift; sourceTree = "<group>"; };
		200000000000000000000004 /* IOSRootView.swift */ = {isa = PBXFileReference; lastKnownFileType = sourcecode.swift; path = IOSRootView.swift; sourceTree = "<group>"; };
		200000000000000000000005 /* IOSAccountViews.swift */ = {isa = PBXFileReference; lastKnownFileType = sourcecode.swift; path = IOSAccountViews.swift; sourceTree = "<group>"; };
		200000000000000000000006 /* Assets.xcassets */ = {isa = PBXFileReference; lastKnownFileType = folder.assetcatalog; path = Assets.xcassets; sourceTree = "<group>"; };
		200000000000000000000007 /* PocketLogoMark.png */ = {isa = PBXFileReference; lastKnownFileType = image.png; name = PocketLogoMark.png; path = ../../Sources/PocketPass/Resources/PocketLogoMark.png; sourceTree = "<group>"; };
		200000000000000000000008 /* Info.plist */ = {isa = PBXFileReference; lastKnownFileType = text.plist.xml; path = Info.plist; sourceTree = "<group>"; };
		200000000000000000000009 /* 口袋密码.app */ = {isa = PBXFileReference; explicitFileType = wrapper.application; includeInIndex = 0; path = "口袋密码.app"; sourceTree = BUILT_PRODUCTS_DIR; };
		200000000000000000000010 /* VaultModels.swift */ = {isa = PBXFileReference; lastKnownFileType = sourcecode.swift; path = VaultModels.swift; sourceTree = "<group>"; };
		200000000000000000000011 /* LocalVaultRepository.swift */ = {isa = PBXFileReference; lastKnownFileType = sourcecode.swift; path = LocalVaultRepository.swift; sourceTree = "<group>"; };
		200000000000000000000012 /* PasswordGenerator.swift */ = {isa = PBXFileReference; lastKnownFileType = sourcecode.swift; path = PasswordGenerator.swift; sourceTree = "<group>"; };
		200000000000000000000013 /* RemoteIconService.swift */ = {isa = PBXFileReference; lastKnownFileType = sourcecode.swift; path = RemoteIconService.swift; sourceTree = "<group>"; };
		200000000000000000000014 /* VaultStore.swift */ = {isa = PBXFileReference; lastKnownFileType = sourcecode.swift; path = VaultStore.swift; sourceTree = "<group>"; };
		200000000000000000000015 /* IOSAppLockService.swift */ = {isa = PBXFileReference; lastKnownFileType = sourcecode.swift; path = IOSAppLockService.swift; sourceTree = "<group>"; };
		200000000000000000000016 /* DataTransfer.swift */ = {isa = PBXFileReference; lastKnownFileType = sourcecode.swift; path = DataTransfer.swift; sourceTree = "<group>"; };
		200000000000000000000017 /* IOSManagementViews.swift */ = {isa = PBXFileReference; lastKnownFileType = sourcecode.swift; path = IOSManagementViews.swift; sourceTree = "<group>"; };
		200000000000000000000018 /* IOSIconPickerView.swift */ = {isa = PBXFileReference; lastKnownFileType = sourcecode.swift; path = IOSIconPickerView.swift; sourceTree = "<group>"; };
		200000000000000000000019 /* Localizable.xcstrings */ = {isa = PBXFileReference; lastKnownFileType = text.json.xcstrings; path = Localizable.xcstrings; sourceTree = "<group>"; };
		20000000000000000000001A /* BackupImportUITests.swift */ = {isa = PBXFileReference; lastKnownFileType = sourcecode.swift; path = BackupImportUITests.swift; sourceTree = "<group>"; };
		20000000000000000000001B /* PocketPassIOSUITests.xctest */ = {isa = PBXFileReference; explicitFileType = wrapper.cfbundle; includeInIndex = 0; path = PocketPassIOSUITests.xctest; sourceTree = BUILT_PRODUCTS_DIR; };
/* End PBXFileReference section */

/* Begin PBXFrameworksBuildPhase section */
		300000000000000000000001 /* Frameworks */ = {
			isa = PBXFrameworksBuildPhase;
			buildActionMask = 2147483647;
			files = (
			);
			runOnlyForDeploymentPostprocessing = 0;
		};
		300000000000000000000002 /* Frameworks */ = {
			isa = PBXFrameworksBuildPhase;
			buildActionMask = 2147483647;
			files = (
			);
			runOnlyForDeploymentPostprocessing = 0;
		};
/* End PBXFrameworksBuildPhase section */

/* Begin PBXGroup section */
		400000000000000000000001 = {
			isa = PBXGroup;
			children = (
				400000000000000000000002 /* PocketPassIOS */,
				400000000000000000000004 /* PocketPassCore */,
				400000000000000000000005 /* PocketPassIOSUITests */,
				400000000000000000000003 /* Products */,
			);
			sourceTree = "<group>";
		};
		400000000000000000000002 /* PocketPassIOS */ = {
			isa = PBXGroup;
			children = (
				200000000000000000000001 /* PocketPassIOSApp.swift */,
				200000000000000000000002 /* IOSTheme.swift */,
				200000000000000000000003 /* IOSModels.swift */,
				200000000000000000000004 /* IOSRootView.swift */,
				200000000000000000000005 /* IOSAccountViews.swift */,
				200000000000000000000015 /* IOSAppLockService.swift */,
				200000000000000000000017 /* IOSManagementViews.swift */,
				200000000000000000000018 /* IOSIconPickerView.swift */,
				200000000000000000000019 /* Localizable.xcstrings */,
				200000000000000000000006 /* Assets.xcassets */,
				200000000000000000000007 /* PocketLogoMark.png */,
				200000000000000000000008 /* Info.plist */,
			);
			path = PocketPassIOS;
			sourceTree = "<group>";
		};
		400000000000000000000003 /* Products */ = {
			isa = PBXGroup;
			children = (
				200000000000000000000009 /* 口袋密码.app */,
				20000000000000000000001B /* PocketPassIOSUITests.xctest */,
			);
			name = Products;
			sourceTree = "<group>";
		};
		400000000000000000000004 /* PocketPassCore */ = {
			isa = PBXGroup;
			children = (
				200000000000000000000010 /* VaultModels.swift */,
				200000000000000000000011 /* LocalVaultRepository.swift */,
				200000000000000000000012 /* PasswordGenerator.swift */,
				200000000000000000000013 /* RemoteIconService.swift */,
				200000000000000000000014 /* VaultStore.swift */,
				200000000000000000000016 /* DataTransfer.swift */,
			);
			name = PocketPassCore;
			path = ../Sources/PocketPassCore;
			sourceTree = "<group>";
		};
		400000000000000000000005 /* PocketPassIOSUITests */ = {
			isa = PBXGroup;
			children = (
				20000000000000000000001A /* BackupImportUITests.swift */,
			);
			path = PocketPassIOSUITests;
			sourceTree = "<group>";
		};
/* End PBXGroup section */

/* Begin PBXContainerItemProxy section */
		A00000000000000000000001 /* PBXContainerItemProxy */ = {
			isa = PBXContainerItemProxy;
			containerPortal = 700000000000000000000001 /* Project object */;
			proxyType = 1;
			remoteGlobalIDString = 500000000000000000000001;
			remoteInfo = PocketPassIOS;
		};
/* End PBXContainerItemProxy section */

/* Begin PBXTargetDependency section */
		A000000000000000000000002 /* PBXTargetDependency */ = {
			isa = PBXTargetDependency;
			target = 500000000000000000000001 /* PocketPassIOS */;
			targetProxy = A00000000000000000000001 /* PBXContainerItemProxy */;
		};
/* End PBXTargetDependency section */

/* Begin PBXNativeTarget section */
		500000000000000000000001 /* PocketPassIOS */ = {
			isa = PBXNativeTarget;
			buildConfigurationList = 900000000000000000000002 /* Build configuration list for PBXNativeTarget "PocketPassIOS" */;
			buildPhases = (
				600000000000000000000001 /* Sources */,
				300000000000000000000001 /* Frameworks */,
				600000000000000000000002 /* Resources */,
			);
			buildRules = (
			);
			dependencies = (
			);
			name = PocketPassIOS;
			productName = PocketPassIOS;
			productReference = 200000000000000000000009 /* 口袋密码.app */;
			productType = "com.apple.product-type.application";
		};
		500000000000000000000002 /* PocketPassIOSUITests */ = {
			isa = PBXNativeTarget;
			buildConfigurationList = 900000000000000000000003 /* Build configuration list for PBXNativeTarget "PocketPassIOSUITests" */;
			buildPhases = (
				600000000000000000000003 /* Sources */,
				300000000000000000000002 /* Frameworks */,
				600000000000000000000004 /* Resources */,
			);
			buildRules = (
			);
			dependencies = (
				A000000000000000000000002 /* PBXTargetDependency */,
			);
			name = PocketPassIOSUITests;
			productName = PocketPassIOSUITests;
			productReference = 20000000000000000000001B /* PocketPassIOSUITests.xctest */;
			productType = "com.apple.product-type.bundle.ui-testing";
		};
/* End PBXNativeTarget section */

/* Begin PBXProject section */
		700000000000000000000001 /* Project object */ = {
			isa = PBXProject;
			attributes = {
				BuildIndependentTargetsInParallel = 1;
				LastSwiftUpdateCheck = 2650;
				LastUpgradeCheck = 2650;
				TargetAttributes = {
					500000000000000000000001 = {
						CreatedOnToolsVersion = 26.5;
					};
					500000000000000000000002 = {
						CreatedOnToolsVersion = 27.0;
						TestTargetID = 500000000000000000000001;
					};
				};
			};
			buildConfigurationList = 900000000000000000000001 /* Build configuration list for PBXProject "PocketPassIOS" */;
			compatibilityVersion = "Xcode 16.0";
			developmentRegion = zh_CN;
			hasScannedForEncodings = 0;
			knownRegions = (
				Base,
				zh_CN,
				en,
			);
			mainGroup = 400000000000000000000001;
			productRefGroup = 400000000000000000000003 /* Products */;
			projectDirPath = "";
			projectRoot = "";
			targets = (
				500000000000000000000001 /* PocketPassIOS */,
				500000000000000000000002 /* PocketPassIOSUITests */,
			);
		};
/* End PBXProject section */

/* Begin PBXResourcesBuildPhase section */
		600000000000000000000002 /* Resources */ = {
			isa = PBXResourcesBuildPhase;
			buildActionMask = 2147483647;
			files = (
				100000000000000000000006 /* Assets.xcassets in Resources */,
				100000000000000000000007 /* PocketLogoMark.png in Resources */,
				100000000000000000000011 /* Localizable.xcstrings in Resources */,
			);
			runOnlyForDeploymentPostprocessing = 0;
		};
		600000000000000000000004 /* Resources */ = {
			isa = PBXResourcesBuildPhase;
			buildActionMask = 2147483647;
			files = (
			);
			runOnlyForDeploymentPostprocessing = 0;
		};
/* End PBXResourcesBuildPhase section */

/* Begin PBXSourcesBuildPhase section */
		600000000000000000000001 /* Sources */ = {
			isa = PBXSourcesBuildPhase;
			buildActionMask = 2147483647;
			files = (
				100000000000000000000001 /* PocketPassIOSApp.swift in Sources */,
				100000000000000000000002 /* IOSTheme.swift in Sources */,
				100000000000000000000003 /* IOSModels.swift in Sources */,
				100000000000000000000004 /* IOSRootView.swift in Sources */,
				100000000000000000000005 /* IOSAccountViews.swift in Sources */,
				100000000000000000000008 /* VaultModels.swift in Sources */,
				100000000000000000000009 /* LocalVaultRepository.swift in Sources */,
				10000000000000000000000A /* PasswordGenerator.swift in Sources */,
				10000000000000000000000B /* RemoteIconService.swift in Sources */,
				10000000000000000000000C /* VaultStore.swift in Sources */,
				10000000000000000000000D /* IOSAppLockService.swift in Sources */,
				10000000000000000000000E /* DataTransfer.swift in Sources */,
				10000000000000000000000F /* IOSManagementViews.swift in Sources */,
				100000000000000000000010 /* IOSIconPickerView.swift in Sources */,
			);
			runOnlyForDeploymentPostprocessing = 0;
		};
		600000000000000000000003 /* Sources */ = {
			isa = PBXSourcesBuildPhase;
			buildActionMask = 2147483647;
			files = (
				100000000000000000000012 /* BackupImportUITests.swift in Sources */,
			);
			runOnlyForDeploymentPostprocessing = 0;
		};
/* End PBXSourcesBuildPhase section */

/* Begin XCBuildConfiguration section */
		800000000000000000000001 /* Debug */ = {
			isa = XCBuildConfiguration;
			buildSettings = {
				ALWAYS_SEARCH_USER_PATHS = NO;
				CLANG_ENABLE_MODULES = YES;
				IPHONEOS_DEPLOYMENT_TARGET = 26.0;
				SDKROOT = iphoneos;
				SUPPORTED_PLATFORMS = "iphoneos iphonesimulator";
				SWIFT_VERSION = 6.0;
			};
			name = Debug;
		};
		800000000000000000000002 /* Release */ = {
			isa = XCBuildConfiguration;
			buildSettings = {
				ALWAYS_SEARCH_USER_PATHS = NO;
				CLANG_ENABLE_MODULES = YES;
				IPHONEOS_DEPLOYMENT_TARGET = 26.0;
				SDKROOT = iphoneos;
				SUPPORTED_PLATFORMS = "iphoneos iphonesimulator";
				SWIFT_VERSION = 6.0;
			};
			name = Release;
		};
		800000000000000000000003 /* Debug */ = {
			isa = XCBuildConfiguration;
			buildSettings = {
				ASSETCATALOG_COMPILER_APPICON_NAME = AppIcon;
				ASSETCATALOG_COMPILER_GLOBAL_ACCENT_COLOR_NAME = AccentColor;
				CODE_SIGN_STYLE = Automatic;
				CURRENT_PROJECT_VERSION = 4;
				DEVELOPMENT_TEAM = DSS7ZPXM4H;
				GENERATE_INFOPLIST_FILE = NO;
				INFOPLIST_FILE = PocketPassIOS/Info.plist;
				LD_RUNPATH_SEARCH_PATHS = (
					"$(inherited)",
					"@executable_path/Frameworks",
				);
				MARKETING_VERSION = 1.2;
				PRODUCT_BUNDLE_IDENTIFIER = com.loongyu.pocketpass.ios;
				PRODUCT_NAME = "口袋密码";
				SUPPORTED_PLATFORMS = "iphoneos iphonesimulator";
				SUPPORTS_MACCATALYST = NO;
				SWIFT_EMIT_LOC_STRINGS = YES;
				SWIFT_STRICT_CONCURRENCY = complete;
				SWIFT_VERSION = 6.0;
				TARGETED_DEVICE_FAMILY = "1,2";
			};
			name = Debug;
		};
		800000000000000000000004 /* Release */ = {
			isa = XCBuildConfiguration;
			buildSettings = {
				ASSETCATALOG_COMPILER_APPICON_NAME = AppIcon;
				ASSETCATALOG_COMPILER_GLOBAL_ACCENT_COLOR_NAME = AccentColor;
				CODE_SIGN_STYLE = Automatic;
				CURRENT_PROJECT_VERSION = 4;
				DEVELOPMENT_TEAM = DSS7ZPXM4H;
				GENERATE_INFOPLIST_FILE = NO;
				INFOPLIST_FILE = PocketPassIOS/Info.plist;
				LD_RUNPATH_SEARCH_PATHS = (
					"$(inherited)",
					"@executable_path/Frameworks",
				);
				MARKETING_VERSION = 1.2;
				PRODUCT_BUNDLE_IDENTIFIER = com.loongyu.pocketpass.ios;
				PRODUCT_NAME = "口袋密码";
				SUPPORTED_PLATFORMS = "iphoneos iphonesimulator";
				SUPPORTS_MACCATALYST = NO;
				SWIFT_EMIT_LOC_STRINGS = YES;
				SWIFT_STRICT_CONCURRENCY = complete;
				SWIFT_VERSION = 6.0;
				TARGETED_DEVICE_FAMILY = "1,2";
			};
			name = Release;
		};
		800000000000000000000005 /* Debug */ = {
			isa = XCBuildConfiguration;
			buildSettings = {
				CODE_SIGN_STYLE = Automatic;
				DEVELOPMENT_TEAM = DSS7ZPXM4H;
				GENERATE_INFOPLIST_FILE = YES;
				IPHONEOS_DEPLOYMENT_TARGET = 26.0;
				PRODUCT_BUNDLE_IDENTIFIER = com.loongyu.pocketpass.ios.uitests;
				PRODUCT_NAME = "$(TARGET_NAME)";
				SWIFT_VERSION = 6.0;
				TARGETED_DEVICE_FAMILY = "1,2";
				TEST_TARGET_NAME = PocketPassIOS;
			};
			name = Debug;
		};
		800000000000000000000006 /* Release */ = {
			isa = XCBuildConfiguration;
			buildSettings = {
				CODE_SIGN_STYLE = Automatic;
				DEVELOPMENT_TEAM = DSS7ZPXM4H;
				GENERATE_INFOPLIST_FILE = YES;
				IPHONEOS_DEPLOYMENT_TARGET = 26.0;
				PRODUCT_BUNDLE_IDENTIFIER = com.loongyu.pocketpass.ios.uitests;
				PRODUCT_NAME = "$(TARGET_NAME)";
				SWIFT_VERSION = 6.0;
				TARGETED_DEVICE_FAMILY = "1,2";
				TEST_TARGET_NAME = PocketPassIOS;
			};
			name = Release;
		};
/* End XCBuildConfiguration section */

/* Begin XCConfigurationList section */
		900000000000000000000001 /* Build configuration list for PBXProject "PocketPassIOS" */ = {
			isa = XCConfigurationList;
			buildConfigurations = (
				800000000000000000000001 /* Debug */,
				800000000000000000000002 /* Release */,
			);
			defaultConfigurationIsVisible = 0;
			defaultConfigurationName = Release;
		};
		900000000000000000000002 /* Build configuration list for PBXNativeTarget "PocketPassIOS" */ = {
			isa = XCConfigurationList;
			buildConfigurations = (
				800000000000000000000003 /* Debug */,
				800000000000000000000004 /* Release */,
			);
			defaultConfigurationIsVisible = 0;
			defaultConfigurationName = Release;
		};
		900000000000000000000003 /* Build configuration list for PBXNativeTarget "PocketPassIOSUITests" */ = {
			isa = XCConfigurationList;
			buildConfigurations = (
				800000000000000000000005 /* Debug */,
				800000000000000000000006 /* Release */,
			);
			defaultConfigurationIsVisible = 0;
			defaultConfigurationName = Release;
		};
/* End XCConfigurationList section */
	};
	rootObject = 700000000000000000000001 /* Project object */;
}
